// !$*UTF8*$!
{
	archiveVersion = 1;
	classes = {
	};
	objectVersion = 46;
	objects = {

/* Begin PBXBuildFile section */
		FA2153701A79F263004BC117 /* AppDelegate.swift in Sources */ = {isa = PBXBuildFile; fileRef = FA21536F1A79F263004BC117 /* AppDelegate.swift */; };
		FA2153721A79F263004BC117 /* ViewController.swift in Sources */ = {isa = PBXBuildFile; fileRef = FA2153711A79F263004BC117 /* ViewController.swift */; };
		FA2153751A79F263004BC117 /* Main.storyboard in Resources */ = {isa = PBXBuildFile; fileRef = FA2153731A79F263004BC117 /* Main.storyboard */; };
		FA2153771A79F263004BC117 /* Images.xcassets in Resources */ = {isa = PBXBuildFile; fileRef = FA2153761A79F263004BC117 /* Images.xcassets */; };
		FA21537A1A79F263004BC117 /* LaunchScreen.xib in Resources */ = {isa = PBXBuildFile; fileRef = FA2153781A79F263004BC117 /* LaunchScreen.xib */; };
		FA2153861A79F263004BC117 /* PostcardTests.swift in Sources */ = {isa = PBXBuildFile; fileRef = FA2153851A79F263004BC117 /* PostcardTests.swift */; };
/* End PBXBuildFile section */

/* Begin PBXContainerItemProxy section */
		FA2153801A79F263004BC117 /* PBXContainerItemProxy */ = {
			isa = PBXContainerItemProxy;
			containerPortal = FA2153621A79F262004BC117 /* Project object */;
			proxyType = 1;
			remoteGlobalIDString = FA2153691A79F262004BC117;
			remoteInfo = Postcard;
		};
/* End PBXContainerItemProxy section */

/* Begin PBXFileReference section */
		FA21536A1A79F262004BC117 /* Postcard.app */ = {isa = PBXFileReference; explicitFileType = wrapper.application; includeInIndex = 0; path = Postcard.app; sourceTree = BUILT_PRODUCTS_DIR; };
		FA21536E1A79F263004BC117 /* Info.plist */ = {isa = PBXFileReference; lastKnownFileType = text.plist.xml; path = Info.plist; sourceTree = "<group>"; };
		FA21536F1A79F263004BC117 /* AppDelegate.swift */ = {isa = PBXFileReference; lastKnownFileType = sourcecode.swift; path = AppDelegate.swift; sourceTree = "<group>"; };
		FA2153711A79F263004BC117 /* ViewController.swift */ = {isa = PBXFileReference; lastKnownFileType = sourcecode.swift; path = ViewController.swift; sourceTree = "<group>"; };
		FA2153741A79F263004BC117 /* Base */ = {isa = PBXFileReference; lastKnownFileType = file.storyboard; name = Base; path = Base.lproj/Main.storyboard; sourceTree = "<group>"; };
		FA2153761A79F263004BC117 /* Images.xcassets */ = {isa = PBXFileReference; lastKnownFileType = folder.assetcatalog; path = Images.xcassets; sourceTree = "<group>"; };
		FA2153791A79F263004BC117 /* Base */ = {isa = PBXFileReference; lastKnownFileType = file.xib; name = Base; path = Base.lproj/LaunchScreen.xib; sourceTree = "<group>"; };
		FA21537F1A79F263004BC117 /* PostcardTests.xctest */ = {isa = PBXFileReference; explicitFileType = wrapper.cfbundle; includeInIndex = 0; path = PostcardTests.xctest; sourceTree = BUILT_PRODUCTS_DIR; };
		FA2153841A79F263004BC117 /* Info.plist */ = {isa = PBXFileReference; lastKnownFileType = text.plist.xml; path = Info.plist; sourceTree = "<group>"; };
		FA2153851A79F263004BC117 /* PostcardTests.swift */ = {isa = PBXFileReference; lastKnownFileType = sourcecode.swift; path = PostcardTests.swift; sourceTree = "<group>"; };
/* End PBXFileReference section */

/* Begin PBXFrameworksBuildPhase section */
		FA2153671A79F262004BC117 /* Frameworks */ = {
			isa = PBXFrameworksBuildPhase;
			buildActionMask = 2147483647;
			files = (
			);
			runOnlyForDeploymentPostprocessing = 0;
		};
		FA21537C1A79F263004BC117 /* Frameworks */ = {
			isa = PBXFrameworksBuildPhase;
			buildActionMask = 2147483647;
			files = (
			);
			runOnlyForDeploymentPostprocessing = 0;
		};
/* End PBXFrameworksBuildPhase section */

/* Begin PBXGroup section */
		FA2153611A79F262004BC117 = {
			isa = PBXGroup;
			children = (
				FA21536C1A79F262004BC117 /* Postcard */,
				FA2153821A79F263004BC117 /* PostcardTests */,
				FA21536B1A79F262004BC117 /* Products */,
			);
			sourceTree = "<group>";
		};
		FA21536B1A79F262004BC117 /* Products */ = {
			isa = PBXGroup;
			children = (
				FA21536A1A79F262004BC117 /* Postcard.app */,
				FA21537F1A79F263004BC117 /* PostcardTests.xctest */,
			);
			name = Products;
			sourceTree = "<group>";
		};
		FA21536C1A79F262004BC117 /* Postcard */ = {
			isa = PBXGroup;
			children = (
				FA21536F1A79F263004BC117 /* AppDelegate.swift */,
				FA2153711A79F263004BC117 /* ViewController.swift */,
				FA2153731A79F263004BC117 /* Main.storyboard */,
				FA2153761A79F263004BC117 /* Images.xcassets */,
				FA2153781A79F263004BC117 /* LaunchScreen.xib */,
				FA21536D1A79F262004BC117 /* Supporting Files */,
			);
			path = Postcard;
			sourceTree = "<group>";
		};
		FA21536D1A79F262004BC117 /* Supporting Files */ = {
			isa = PBXGroup;
			children = (
				FA21536E1A79F263004BC117 /* Info.plist */,
			);
			name = "Supporting Files";
			sourceTree = "<group>";
		};
		FA2153821A79F263004BC117 /* PostcardTests */ = {
			isa = PBXGroup;
			children = (
				FA2153851A79F263004BC117 /* PostcardTests.swift */,
				FA2153831A79F263004BC117 /* Supporting Files */,
			);
			path = PostcardTests;
			sourceTree = "<group>";
		};
		FA2153831A79F263004BC117 /* Supporting Files */ = {
			isa = PBXGroup;
			children = (
				FA2153841A79F263004BC117 /* Info.plist */,
			);
			name = "Supporting Files";
			sourceTree = "<group>";
		};
/* End PBXGroup section */

/* Begin PBXNativeTarget section */
		FA2153691A79F262004BC117 /* Postcard */ = {
			isa = PBXNativeTarget;
			buildConfigurationList = FA2153891A79F263004BC117 /* Build configuration list for PBXNativeTarget "Postcard" */;
			buildPhases = (
				FA2153661A79F262004BC117 /* Sources */,
				FA2153671A79F262004BC117 /* Frameworks */,
				FA2153681A79F262004BC117 /* Resources */,
			);
			buildRules = (
			);
			dependencies = (
			);
			name = Postcard;
			productName = Postcard;
			productReference = FA21536A1A79F262004BC117 /* Postcard.app */;
			productType = "com.apple.product-type.application";
		};
		FA21537E1A79F263004BC117 /* PostcardTests */ = {
			isa = PBXNativeTarget;
			buildConfigurationList = FA21538C1A79F263004BC117 /* Build configuration list for PBXNativeTarget "PostcardTests" */;
			buildPhases = (
				FA21537B1A79F263004BC117 /* Sources */,
				FA21537C1A79F263004BC117 /* Frameworks */,
				FA21537D1A79F263004BC117 /* Resources */,
			);
			buildRules = (
			);
			dependencies = (
				FA2153811A79F263004BC117 /* PBXTargetDependency */,
			);
			name = PostcardTests;
			productName = PostcardTests;
			productReference = FA21537F1A79F263004BC117 /* PostcardTests.xctest */;
			productType = "com.apple.product-type.bundle.unit-test";
		};
/* End PBXNativeTarget section */

/* Begin PBXProject section */
		FA2153621A79F262004BC117 /* Project object */ = {
			isa = PBXProject;
			attributes = {
				LastUpgradeCheck = 0610;
				ORGANIZATIONNAME = Talavera;
				TargetAttributes = {
					FA2153691A79F262004BC117 = {
						CreatedOnToolsVersion = 6.1.1;
					};
					FA21537E1A79F263004BC117 = {
						CreatedOnToolsVersion = 6.1.1;
						TestTargetID = FA2153691A79F262004BC117;
					};
				};
			};
			buildConfigurationList = FA2153651A79F262004BC117 /* Build configuration list for PBXProject "Postcard" */;
			compatibilityVersion = "Xcode 3.2";
			developmentRegion = English;
			hasScannedForEncodings = 0;
			knownRegions = (
				en,
				Base,
			);
			mainGroup = FA2153611A79F262004BC117;
			productRefGroup = FA21536B1A79F262004BC117 /* Products */;
			projectDirPath = "";
			projectRoot = "";
			targets = (
				FA2153691A79F262004BC117 /* Postcard */,
				FA21537E1A79F263004BC117 /* PostcardTests */,
			);
		};
/* End PBXProject section */

/* Begin PBXResourcesBuildPhase section */
		FA2153681A79F262004BC117 /* Resources */ = {
			isa = PBXResourcesBuildPhase;
			buildActionMask = 2147483647;
			files = (
				FA2153751A79F263004BC117 /* Main.storyboard in Resources */,
				FA21537A1A79F263004BC117 /* LaunchScreen.xib in Resources */,
				FA2153771A79F263004BC117 /* Images.xcassets in Resources */,
			);
			runOnlyForDeploymentPostprocessing = 0;
		};
		FA21537D1A79F263004BC117 /* Resources */ = {
			isa = PBXResourcesBuildPhase;
			buildActionMask = 2147483647;
			files = (
			);
			runOnlyForDeploymentPostprocessing = 0;
		};
/* End PBXResourcesBuildPhase section */

/* Begin PBXSourcesBuildPhase section */
		FA2153661A79F262004BC117 /* Sources */ = {
			isa = PBXSourcesBuildPhase;
			buildActionMask = 2147483647;
			files = (
				FA2153721A79F263004BC117 /* ViewController.swift in Sources */,
				FA2153701A79F263004BC117 /* AppDelegate.swift in Sources */,
			);
			runOnlyForDeploymentPostprocessing = 0;
		};
		FA21537B1A79F263004BC117 /* Sources */ = {
			isa = PBXSourcesBuildPhase;
			buildActionMask = 2147483647;
			files = (
				FA2153861A79F263004BC117 /* PostcardTests.swift in Sources */,
			);
			runOnlyForDeploymentPostprocessing = 0;
		};
/* End PBXSourcesBuildPhase section */

/* Begin PBXTargetDependency section */
		FA2153811A79F263004BC117 /* PBXTargetDependency */ = {
			isa = PBXTargetDependency;
			target = FA2153691A79F262004BC117 /* Postcard */;
			targetProxy = FA2153801A79F263004BC117 /* PBXContainerItemProxy */;
		};
/* End PBXTargetDependency section */

/* Begin PBXVariantGroup section */
		FA2153731A79F263004BC117 /* Main.storyboard */ = {
			isa = PBXVariantGroup;
			children = (
				FA2153741A79F263004BC117 /* Base */,
			);
			name = Main.storyboard;
			sourceTree = "<group>";
		};
		FA2153781A79F263004BC117 /* LaunchScreen.xib */ = {
			isa = PBXVariantGroup;
			children = (
				FA2153791A79F263004BC117 /* Base */,
			);
			name = LaunchScreen.xib;
			sourceTree = "<group>";
		};
/* End PBXVariantGroup section */

/* Begin XCBuildConfiguration section */
		FA2153871A79F263004BC117 /* Debug */ = {
			isa = XCBuildConfiguration;
			buildSettings = {
				ALWAYS_SEARCH_USER_PATHS = NO;
				CLANG_CXX_LANGUAGE_STANDARD = "gnu++0x";
				CLANG_CXX_LIBRARY = "libc++";
				CLANG_ENABLE_MODULES = YES;
				CLANG_ENABLE_OBJC_ARC = YES;
				CLANG_WARN_BOOL_CONVERSION = YES;
				CLANG_WARN_CONSTANT_CONVERSION = YES;
				CLANG_WARN_DIRECT_OBJC_ISA_USAGE = YES_ERROR;
				CLANG_WARN_EMPTY_BODY = YES;
				CLANG_WARN_ENUM_CONVERSION = YES;
				CLANG_WARN_INT_CONVERSION = YES;
				CLANG_WARN_OBJC_ROOT_CLASS = YES_ERROR;
				CLANG_WARN_UNREACHABLE_CODE = YES;
				CLANG_WARN__DUPLICATE_METHOD_MATCH = YES;
				"CODE_SIGN_IDENTITY[sdk=iphoneos*]" = "iPhone Developer";
				COPY_PHASE_STRIP = NO;
				ENABLE_STRICT_OBJC_MSGSEND = YES;
				GCC_C_LANGUAGE_STANDARD = gnu99;
				GCC_DYNAMIC_NO_PIC = NO;
				GCC_OPTIMIZATION_LEVEL = 0;
				GCC_PREPROCESSOR_DEFINITIONS = (
					"DEBUG=1",
					"$(inherited)",
				);
				GCC_SYMBOLS_PRIVATE_EXTERN = NO;
				GCC_WARN_64_TO_32_BIT_CONVERSION = YES;
				GCC_WARN_ABOUT_RETURN_TYPE = YES_ERROR;
				GCC_WARN_UNDECLARED_SELECTOR = YES;
				GCC_WARN_UNINITIALIZED_AUTOS = YES_AGGRESSIVE;
				GCC_WARN_UNUSED_FUNCTION = YES;
				GCC_WARN_UNUSED_VARIABLE = YES;
				IPHONEOS_DEPLOYMENT_TARGET = 8.1;
				MTL_ENABLE_DEBUG_INFO = YES;
				ONLY_ACTIVE_ARCH = YES;
				SDKROOT = iphoneos;
				SWIFT_OPTIMIZATION_LEVEL = "-Onone";
				TARGETED_DEVICE_FAMILY = "1,2";
			};
			name = Debug;
		};
		FA2153881A79F263004BC117 /* Release */ = {
			isa = XCBuildConfiguration;
			buildSettings = {
				ALWAYS_SEARCH_USER_PATHS = NO;
				CLANG_CXX_LANGUAGE_STANDARD = "gnu++0x";
				CLANG_CXX_LIBRARY = "libc++";
				CLANG_ENABLE_MODULES = YES;
				CLANG_ENABLE_OBJC_ARC = YES;
				CLANG_WARN_BOOL_CONVERSION = YES;
				CLANG_WARN_CONSTANT_CONVERSION = YES;
				CLANG_WARN_DIRECT_OBJC_ISA_USAGE = YES_ERROR;
				CLANG_WARN_EMPTY_BODY = YES;
				CLANG_WARN_ENUM_CONVERSION = YES;
				CLANG_WARN_INT_CONVERSION = YES;
				CLANG_WARN_OBJC_ROOT_CLASS = YES_ERROR;
				CLANG_WARN_UNREACHABLE_CODE = YES;
				CLANG_WARN__DUPLICATE_METHOD_MATCH = YES;
				"CODE_SIGN_IDENTITY[sdk=iphoneos*]" = "iPhone Developer";
				COPY_PHASE_STRIP = YES;
				ENABLE_NS_ASSERTIONS = NO;
				ENABLE_STRICT_OBJC_MSGSEND = YES;
				GCC_C_LANGUAGE_STANDARD = gnu99;
				GCC_WARN_64_TO_32_BIT_CONVERSION = YES;
				GCC_WARN_ABOUT_RETURN_TYPE = YES_ERROR;
				GCC_WARN_UNDECLARED_SELECTOR = YES;
				GCC_WARN_UNINITIALIZED_AUTOS = YES_AGGRESSIVE;
				GCC_WARN_UNUSED_FUNCTION = YES;
				GCC_WARN_UNUSED_VARIABLE = YES;
				IPHONEOS_DEPLOYMENT_TARGET = 8.1;
				MTL_ENABLE_DEBUG_INFO = NO;
				SDKROOT = iphoneos;
				TARGETED_DEVICE_FAMILY = "1,2";
				VALIDATE_PRODUCT = YES;
			};
			name = Release;
		};
		FA21538A1A79F263004BC117 /* Debug */ = {
			isa = XCBuildConfiguration;
			buildSettings = {
				ASSETCATALOG_COMPILER_APPICON_NAME = AppIcon;
				INFOPLIST_FILE = Postcard/Info.plist;
				LD_RUNPATH_SEARCH_PATHS = "$(inherited) @executable_path/Frameworks";
				PRODUCT_NAME = "$(TARGET_NAME)";
			};
			name = Debug;
		};
		FA21538B1A79F263004BC117 /* Release */ = {
			isa = XCBuildConfiguration;
			buildSettings = {
				ASSETCATALOG_COMPILER_APPICON_NAME = AppIcon;
				INFOPLIST_FILE = Postcard/Info.plist;
				LD_RUNPATH_SEARCH_PATHS = "$(inherited) @executable_path/Frameworks";
				PRODUCT_NAME = "$(TARGET_NAME)";
			};
			name = Release;
		};
		FA21538D1A79F263004BC117 /* Debug */ = {
			isa = XCBuildConfiguration;
			buildSettings = {
				BUNDLE_LOADER = "$(TEST_HOST)";
				FRAMEWORK_SEARCH_PATHS = (
					"$(SDKROOT)/Developer/Library/Frameworks",
					"$(inherited)",
				);
				GCC_PREPROCESSOR_DEFINITIONS = (
					"DEBUG=1",
					"$(inherited)",
				);
				INFOPLIST_FILE = PostcardTests/Info.plist;
				LD_RUNPATH_SEARCH_PATHS = "$(inherited) @executable_path/Frameworks @loader_path/Frameworks";
				PRODUCT_NAME = "$(TARGET_NAME)";
				TEST_HOST = "$(BUILT_PRODUCTS_DIR)/Postcard.app/Postcard";
			};
			name = Debug;
		};
		FA21538E1A79F263004BC117 /* Release */ = {
			isa = XCBuildConfiguration;
			buildSettings = {
				BUNDLE_LOADER = "$(TEST_HOST)";
				FRAMEWORK_SEARCH_PATHS = (
					"$(SDKROOT)/Developer/Library/Frameworks",
					"$(inherited)",
				);
				INFOPLIST_FILE = PostcardTests/Info.plist;
				LD_RUNPATH_SEARCH_PATHS = "$(inherited) @executable_path/Frameworks @loader_path/Frameworks";
				PRODUCT_NAME = "$(TARGET_NAME)";
				TEST_HOST = "$(BUILT_PRODUCTS_DIR)/Postcard.app/Postcard";
			};
			name = Release;
		};
/* End XCBuildConfiguration section */

/* Begin XCConfigurationList section */
		FA2153651A79F262004BC117 /* Build configuration list for PBXProject "Postcard" */ = {
			isa = XCConfigurationList;
			buildConfigurations = (
				FA2153871A79F263004BC117 /* Debug */,
				FA2153881A79F263004BC117 /* Release */,
			);
			defaultConfigurationIsVisible = 0;
			defaultConfigurationName = Release;
		};
		FA2153891A79F263004BC117 /* Build configuration list for PBXNativeTarget "Postcard" */ = {
			isa = XCConfigurationList;
			buildConfigurations = (
				FA21538A1A79F263004BC117 /* Debug */,
				FA21538B1A79F263004BC117 /* Release */,
			);
			defaultConfigurationIsVisible = 0;
		};
		FA21538C1A79F263004BC117 /* Build configuration list for PBXNativeTarget "PostcardTests" */ = {
			isa = XCConfigurationList;
			buildConfigurations = (
				FA21538D1A79F263004BC117 /* Debug */,
				FA21538E1A79F263004BC117 /* Release */,
			);
			defaultConfigurationIsVisible = 0;
		};
/* End XCConfigurationList section */
	};
	rootObject = FA2153621A79F262004BC117 /* Project object */;
}
